// !$*UTF8*$!
{
	archiveVersion = 1;
	classes = {
	};
	objectVersion = 48;
	objects = {

/* Begin PBXBuildFile section */
		2235602B1FCCB9690044D77D /* AppDelegate.swift in Sources */ = {isa = PBXBuildFile; fileRef = 2235602A1FCCB9690044D77D /* AppDelegate.swift */; };
		2235602D1FCCB9690044D77D /* ViewController.swift in Sources */ = {isa = PBXBuildFile; fileRef = 2235602C1FCCB9690044D77D /* ViewController.swift */; };
		223560301FCCB9690044D77D /* Main.storyboard in Resources */ = {isa = PBXBuildFile; fileRef = 2235602E1FCCB9690044D77D /* Main.storyboard */; };
		223560321FCCB9690044D77D /* Assets.xcassets in Resources */ = {isa = PBXBuildFile; fileRef = 223560311FCCB9690044D77D /* Assets.xcassets */; };
		223560351FCCB9690044D77D /* LaunchScreen.storyboard in Resources */ = {isa = PBXBuildFile; fileRef = 223560331FCCB9690044D77D /* LaunchScreen.storyboard */; };
		2235603D1FCCDF830044D77D /* Story.swift in Sources */ = {isa = PBXBuildFile; fileRef = 2235603C1FCCDF830044D77D /* Story.swift */; };
		2235603F1FCCE8C00044D77D /* Page.swift in Sources */ = {isa = PBXBuildFile; fileRef = 2235603E1FCCE8C00044D77D /* Page.swift */; };
		223560411FCCEEA20044D77D /* Adventure.swift in Sources */ = {isa = PBXBuildFile; fileRef = 223560401FCCEEA20044D77D /* Adventure.swift */; };
		223560431FCCF9CF0044D77D /* PageController.swift in Sources */ = {isa = PBXBuildFile; fileRef = 223560421FCCF9CF0044D77D /* PageController.swift */; };
/* End PBXBuildFile section */

/* Begin PBXFileReference section */
		223560271FCCB9690044D77D /* InteractiveStory.app */ = {isa = PBXFileReference; explicitFileType = wrapper.application; includeInIndex = 0; path = InteractiveStory.app; sourceTree = BUILT_PRODUCTS_DIR; };
		2235602A1FCCB9690044D77D /* AppDelegate.swift */ = {isa = PBXFileReference; lastKnownFileType = sourcecode.swift; path = AppDelegate.swift; sourceTree = "<group>"; };
		2235602C1FCCB9690044D77D /* ViewController.swift */ = {isa = PBXFileReference; lastKnownFileType = sourcecode.swift; path = ViewController.swift; sourceTree = "<group>"; };
		2235602F1FCCB9690044D77D /* Base */ = {isa = PBXFileReference; lastKnownFileType = file.storyboard; name = Base; path = Base.lproj/Main.storyboard; sourceTree = "<group>"; };
		223560311FCCB9690044D77D /* Assets.xcassets */ = {isa = PBXFileReference; lastKnownFileType = folder.assetcatalog; path = Assets.xcassets; sourceTree = "<group>"; };
		223560341FCCB9690044D77D /* Base */ = {isa = PBXFileReference; lastKnownFileType = file.storyboard; name = Base; path = Base.lproj/LaunchScreen.storyboard; sourceTree = "<group>"; };
		223560361FCCB9690044D77D /* Info.plist */ = {isa = PBXFileReference; lastKnownFileType = text.plist.xml; path = Info.plist; sourceTree = "<group>"; };
		2235603C1FCCDF830044D77D /* Story.swift */ = {isa = PBXFileReference; lastKnownFileType = sourcecode.swift; path = Story.swift; sourceTree = "<group>"; };
		2235603E1FCCE8C00044D77D /* Page.swift */ = {isa = PBXFileReference; lastKnownFileType = sourcecode.swift; path = Page.swift; sourceTree = "<group>"; };
		223560401FCCEEA20044D77D /* Adventure.swift */ = {isa = PBXFileReference; lastKnownFileType = sourcecode.swift; path = Adventure.swift; sourceTree = "<group>"; };
		223560421FCCF9CF0044D77D /* PageController.swift */ = {isa = PBXFileReference; lastKnownFileType = sourcecode.swift; path = PageController.swift; sourceTree = "<group>"; };
/* End PBXFileReference section */

/* Begin PBXFrameworksBuildPhase section */
		223560241FCCB9690044D77D /* Frameworks */ = {
			isa = PBXFrameworksBuildPhase;
			buildActionMask = 2147483647;
			files = (
			);
			runOnlyForDeploymentPostprocessing = 0;
		};
/* End PBXFrameworksBuildPhase section */

/* Begin PBXGroup section */
		2235601E1FCCB9690044D77D = {
			isa = PBXGroup;
			children = (
				223560291FCCB9690044D77D /* InteractiveStory */,
				223560281FCCB9690044D77D /* Products */,
			);
			sourceTree = "<group>";
		};
		223560281FCCB9690044D77D /* Products */ = {
			isa = PBXGroup;
			children = (
				223560271FCCB9690044D77D /* InteractiveStory.app */,
			);
			name = Products;
			sourceTree = "<group>";
		};
		223560291FCCB9690044D77D /* InteractiveStory */ = {
			isa = PBXGroup;
			children = (
				2235602A1FCCB9690044D77D /* AppDelegate.swift */,
				223560401FCCEEA20044D77D /* Adventure.swift */,
				2235603E1FCCE8C00044D77D /* Page.swift */,
				2235603C1FCCDF830044D77D /* Story.swift */,
				2235602C1FCCB9690044D77D /* ViewController.swift */,
				223560421FCCF9CF0044D77D /* PageController.swift */,
				2235602E1FCCB9690044D77D /* Main.storyboard */,
				223560331FCCB9690044D77D /* LaunchScreen.storyboard */,
				223560361FCCB9690044D77D /* Info.plist */,
				223560311FCCB9690044D77D /* Assets.xcassets */,
			);
			path = InteractiveStory;
			sourceTree = "<group>";
		};
/* End PBXGroup section */

/* Begin PBXNativeTarget section */
		223560261FCCB9690044D77D /* InteractiveStory */ = {
			isa = PBXNativeTarget;
			buildConfigurationList = 223560391FCCB9690044D77D /* Build configuration list for PBXNativeTarget "InteractiveStory" */;
			buildPhases = (
				223560231FCCB9690044D77D /* Sources */,
				223560241FCCB9690044D77D /* Frameworks */,
				223560251FCCB9690044D77D /* Resources */,
			);
			buildRules = (
			);
			dependencies = (
			);
			name = InteractiveStory;
			productName = InteractiveStory;
			productReference = 223560271FCCB9690044D77D /* InteractiveStory.app */;
			productType = "com.apple.product-type.application";
		};
/* End PBXNativeTarget section */

/* Begin PBXProject section */
		2235601F1FCCB9690044D77D /* Project object */ = {
			isa = PBXProject;
			attributes = {
				LastSwiftUpdateCheck = 0910;
				LastUpgradeCheck = 0910;
				ORGANIZATIONNAME = "Samuel Yanez";
				TargetAttributes = {
					223560261FCCB9690044D77D = {
						CreatedOnToolsVersion = 9.1;
						ProvisioningStyle = Automatic;
					};
				};
			};
			buildConfigurationList = 223560221FCCB9690044D77D /* Build configuration list for PBXProject "InteractiveStory" */;
			compatibilityVersion = "Xcode 8.0";
			developmentRegion = en;
			hasScannedForEncodings = 0;
			knownRegions = (
				en,
				Base,
			);
			mainGroup = 2235601E1FCCB9690044D77D;
			productRefGroup = 223560281FCCB9690044D77D /* Products */;
			projectDirPath = "";
			projectRoot = "";
			targets = (
				223560261FCCB9690044D77D /* InteractiveStory */,
			);
		};
/* End PBXProject section */

/* Begin PBXResourcesBuildPhase section */
		223560251FCCB9690044D77D /* Resources */ = {
			isa = PBXResourcesBuildPhase;
			buildActionMask = 2147483647;
			files = (
				223560351FCCB9690044D77D /* LaunchScreen.storyboard in Resources */,
				223560321FCCB9690044D77D /* Assets.xcassets in Resources */,
				223560301FCCB9690044D77D /* Main.storyboard in Resources */,
			);
			runOnlyForDeploymentPostprocessing = 0;
		};
/* End PBXResourcesBuildPhase section */

/* Begin PBXSourcesBuildPhase section */
		223560231FCCB9690044D77D /* Sources */ = {
			isa = PBXSourcesBuildPhase;
			buildActionMask = 2147483647;
			files = (
				2235602D1FCCB9690044D77D /* ViewController.swift in Sources */,
				2235602B1FCCB9690044D77D /* AppDelegate.swift in Sources */,
				223560431FCCF9CF0044D77D /* PageController.swift in Sources */,
				2235603F1FCCE8C00044D77D /* Page.swift in Sources */,
				223560411FCCEEA20044D77D /* Adventure.swift in Sources */,
				2235603D1FCCDF830044D77D /* Story.swift in Sources */,
			);
			runOnlyForDeploymentPostprocessing = 0;
		};
/* End PBXSourcesBuildPhase section */

/* Begin PBXVariantGroup section */
		2235602E1FCCB9690044D77D /* Main.storyboard */ = {
			isa = PBXVariantGroup;
			children = (
				2235602F1FCCB9690044D77D /* Base */,
			);
			name = Main.storyboard;
			sourceTree = "<group>";
		};
		223560331FCCB9690044D77D /* LaunchScreen.storyboard */ = {
			isa = PBXVariantGroup;
			children = (
				223560341FCCB9690044D77D /* Base */,
			);
			name = LaunchScreen.storyboard;
			sourceTree = "<group>";
		};
/* End PBXVariantGroup section */

/* Begin XCBuildConfiguration section */
		223560371FCCB9690044D77D /* Debug */ = {
			isa = XCBuildConfiguration;
			buildSettings = {
				ALWAYS_SEARCH_USER_PATHS = NO;
				CLANG_ANALYZER_NONNULL = YES;
				CLANG_ANALYZER_NUMBER_OBJECT_CONVERSION = YES_AGGRESSIVE;
				CLANG_CXX_LANGUAGE_STANDARD = "gnu++14";
				CLANG_CXX_LIBRARY = "libc++";
				CLANG_ENABLE_MODULES = YES;
				CLANG_ENABLE_OBJC_ARC = YES;
				CLANG_WARN_BLOCK_CAPTURE_AUTORELEASING = YES;
				CLANG_WARN_BOOL_CONVERSION = YES;
				CLANG_WARN_COMMA = YES;
				CLANG_WARN_CONSTANT_CONVERSION = YES;
				CLANG_WARN_DIRECT_OBJC_ISA_USAGE = YES_ERROR;
				CLANG_WARN_DOCUMENTATION_COMMENTS = YES;
				CLANG_WARN_EMPTY_BODY = YES;
				CLANG_WARN_ENUM_CONVERSION = YES;
				CLANG_WARN_INFINITE_RECURSION = YES;
				CLANG_WARN_INT_CONVERSION = YES;
				CLANG_WARN_NON_LITERAL_NULL_CONVERSION = YES;
				CLANG_WARN_OBJC_LITERAL_CONVERSION = YES;
				CLANG_WARN_OBJC_ROOT_CLASS = YES_ERROR;
				CLANG_WARN_RANGE_LOOP_ANALYSIS = YES;
				CLANG_WARN_STRICT_PROTOTYPES = YES;
				CLANG_WARN_SUSPICIOUS_MOVE = YES;
				CLANG_WARN_UNGUARDED_AVAILABILITY = YES_AGGRESSIVE;
				CLANG_WARN_UNREACHABLE_CODE = YES;
				CLANG_WARN__DUPLICATE_METHOD_MATCH = YES;
				CODE_SIGN_IDENTITY = "iPhone Developer";
				COPY_PHASE_STRIP = NO;
				DEBUG_INFORMATION_FORMAT = dwarf;
				ENABLE_STRICT_OBJC_MSGSEND = YES;
				ENABLE_TESTABILITY = YES;
				GCC_C_LANGUAGE_STANDARD = gnu11;
				GCC_DYNAMIC_NO_PIC = NO;
				GCC_NO_COMMON_BLOCKS = YES;
				GCC_OPTIMIZATION_LEVEL = 0;
				GCC_PREPROCESSOR_DEFINITIONS = (
					"DEBUG=1",
					"$(inherited)",
				);
				GCC_WARN_64_TO_32_BIT_CONVERSION = YES;
				GCC_WARN_ABOUT_RETURN_TYPE = YES_ERROR;
				GCC_WARN_UNDECLARED_SELECTOR = YES;
				GCC_WARN_UNINITIALIZED_AUTOS = YES_AGGRESSIVE;
				GCC_WARN_UNUSED_FUNCTION = YES;
				GCC_WARN_UNUSED_VARIABLE = YES;
				IPHONEOS_DEPLOYMENT_TARGET = 11.1;
				MTL_ENABLE_DEBUG_INFO = YES;
				ONLY_ACTIVE_ARCH = YES;
				SDKROOT = iphoneos;
				SWIFT_ACTIVE_COMPILATION_CONDITIONS = DEBUG;
				SWIFT_OPTIMIZATION_LEVEL = "-Onone";
			};
			name = Debug;
		};
		223560381FCCB9690044D77D /* Release */ = {
			isa = XCBuildConfiguration;
			buildSettings = {
				ALWAYS_SEARCH_USER_PATHS = NO;
				CLANG_ANALYZER_NONNULL = YES;
				CLANG_ANALYZER_NUMBER_OBJECT_CONVERSION = YES_AGGRESSIVE;
				CLANG_CXX_LANGUAGE_STANDARD = "gnu++14";
				CLANG_CXX_LIBRARY = "libc++";
				CLANG_ENABLE_MODULES = YES;
				CLANG_ENABLE_OBJC_ARC = YES;
				CLANG_WARN_BLOCK_CAPTURE_AUTORELEASING = YES;
				CLANG_WARN_BOOL_CONVERSION = YES;
				CLANG_WARN_COMMA = YES;
				CLANG_WARN_CONSTANT_CONVERSION = YES;
				CLANG_WARN_DIRECT_OBJC_ISA_USAGE = YES_ERROR;
				CLANG_WARN_DOCUMENTATION_COMMENTS = YES;
				CLANG_WARN_EMPTY_BODY = YES;
				CLANG_WARN_ENUM_CONVERSION = YES;
				CLANG_WARN_INFINITE_RECURSION = YES;
				CLANG_WARN_INT_CONVERSION = YES;
				CLANG_WARN_NON_LITERAL_NULL_CONVERSION = YES;
				CLANG_WARN_OBJC_LITERAL_CONVERSION = YES;
				CLANG_WARN_OBJC_ROOT_CLASS = YES_ERROR;
				CLANG_WARN_RANGE_LOOP_ANALYSIS = YES;
				CLANG_WARN_STRICT_PROTOTYPES = YES;
				CLANG_WARN_SUSPICIOUS_MOVE = YES;
				CLANG_WARN_UNGUARDED_AVAILABILITY = YES_AGGRESSIVE;
				CLANG_WARN_UNREACHABLE_CODE = YES;
				CLANG_WARN__DUPLICATE_METHOD_MATCH = YES;
				CODE_SIGN_IDENTITY = "iPhone Developer";
				COPY_PHASE_STRIP = NO;
				DEBUG_INFORMATION_FORMAT = "dwarf-with-dsym";
				ENABLE_NS_ASSERTIONS = NO;
				ENABLE_STRICT_OBJC_MSGSEND = YES;
				GCC_C_LANGUAGE_STANDARD = gnu11;
				GCC_NO_COMMON_BLOCKS = YES;
				GCC_WARN_64_TO_32_BIT_CONVERSION = YES;
				GCC_WARN_ABOUT_RETURN_TYPE = YES_ERROR;
				GCC_WARN_UNDECLARED_SELECTOR = YES;
				GCC_WARN_UNINITIALIZED_AUTOS = YES_AGGRESSIVE;
				GCC_WARN_UNUSED_FUNCTION = YES;
				GCC_WARN_UNUSED_VARIABLE = YES;
				IPHONEOS_DEPLOYMENT_TARGET = 11.1;
				MTL_ENABLE_DEBUG_INFO = NO;
				SDKROOT = iphoneos;
				SWIFT_OPTIMIZATION_LEVEL = "-Owholemodule";
				VALIDATE_PRODUCT = YES;
			};
			name = Release;
		};
		2235603A1FCCB9690044D77D /* Debug */ = {
			isa = XCBuildConfiguration;
			buildSettings = {
				ASSETCATALOG_COMPILER_APPICON_NAME = AppIcon;
				CODE_SIGN_STYLE = Automatic;
				DEVELOPMENT_TEAM = QFXSZ288GU;
				INFOPLIST_FILE = InteractiveStory/Info.plist;
				LD_RUNPATH_SEARCH_PATHS = "$(inherited) @executable_path/Frameworks";
				PRODUCT_BUNDLE_IDENTIFIER = com.example.samyanez.InteractiveStory;
				PRODUCT_NAME = "$(TARGET_NAME)";
				SWIFT_VERSION = 4.0;
				TARGETED_DEVICE_FAMILY = "1,2";
			};
			name = Debug;
		};
		2235603B1FCCB9690044D77D /* Release */ = {
			isa = XCBuildConfiguration;
			buildSettings = {
				ASSETCATALOG_COMPILER_APPICON_NAME = AppIcon;
				CODE_SIGN_STYLE = Automatic;
				DEVELOPMENT_TEAM = QFXSZ288GU;
				INFOPLIST_FILE = InteractiveStory/Info.plist;
				LD_RUNPATH_SEARCH_PATHS = "$(inherited) @executable_path/Frameworks";
				PRODUCT_BUNDLE_IDENTIFIER = com.example.samyanez.InteractiveStory;
				PRODUCT_NAME = "$(TARGET_NAME)";
				SWIFT_VERSION = 4.0;
				TARGETED_DEVICE_FAMILY = "1,2";
			};
			name = Release;
		};
/* End XCBuildConfiguration section */

/* Begin XCConfigurationList section */
		223560221FCCB9690044D77D /* Build configuration list for PBXProject "InteractiveStory" */ = {
			isa = XCConfigurationList;
			buildConfigurations = (
				223560371FCCB9690044D77D /* Debug */,
				223560381FCCB9690044D77D /* Release */,
			);
			defaultConfigurationIsVisible = 0;
			defaultConfigurationName = Release;
		};
		223560391FCCB9690044D77D /* Build configuration list for PBXNativeTarget "InteractiveStory" */ = {
			isa = XCConfigurationList;
			buildConfigurations = (
				2235603A1FCCB9690044D77D /* Debug */,
				2235603B1FCCB9690044D77D /* Release */,
			);
			defaultConfigurationIsVisible = 0;
			defaultConfigurationName = Release;
		};
/* End XCConfigurationList section */
	};
	rootObject = 2235601F1FCCB9690044D77D /* Project object */;
}
